
Microsoft Visual Studio Solution File, Format Version 12.00
# Visual Studio Version 16
VisualStudioVersion = 16.0.29609.76
MinimumVisualStudioVersion = 10.0.40219.1
Project("{FAE04EC0-301F-11D3-BF4B-00C04F79EFBC}") = "Currency.Client.Uwp", "Currency.Client.Uwp\Currency.Client.Uwp.csproj", "{F01A01A9-F928-42C8-92CE-C41DB413AAD7}"
EndProject
Project("{FAE04EC0-301F-11D3-BF4B-00C04F79EFBC}") = "Currency.Client.Model", "Currency.Client.Model\Currency.Client.Model.csproj", "{AD344BED-4E7D-4787-A33C-888C6BB7EE26}"
EndProject
Project("{FAE04EC0-301F-11D3-BF4B-00C04F79EFBC}") = "Currency.Client.ViewModel", "Currency.Client.ViewModel\Currency.Client.ViewModel.csproj", "{CC7BCB50-0DD4-4717-8D36-C3EDC381DE57}"
EndProject
Global
	GlobalSection(SolutionConfigurationPlatforms) = preSolution
		Debug|Any CPU = Debug|Any CPU
		Debug|ARM = Debug|ARM
		Debug|ARM64 = Debug|ARM64
		Debug|x64 = Debug|x64
		Debug|x86 = Debug|x86
		Release|Any CPU = Release|Any CPU
		Release|ARM = Release|ARM
		Release|ARM64 = Release|ARM64
		Release|x64 = Release|x64
		Release|x86 = Release|x86
	EndGlobalSection
	GlobalSection(ProjectConfigurationPlatforms) = postSolution
		{F01A01A9-F928-42C8-92CE-C41DB413AAD7}.Debug|Any CPU.ActiveCfg = Debug|x86
		{F01A01A9-F928-42C8-92CE-C41DB413AAD7}.Debug|ARM.ActiveCfg = Debug|ARM
		{F01A01A9-F928-42C8-92CE-C41DB413AAD7}.Debug|ARM.Build.0 = Debug|ARM
		{F01A01A9-F928-42C8-92CE-C41DB413AAD7}.Debug|ARM.Deploy.0 = Debug|ARM
		{F01A01A9-F928-42C8-92CE-C41DB413AAD7}.Debug|ARM64.ActiveCfg = Debug|ARM64
		{F01A01A9-F928-42C8-92CE-C41DB413AAD7}.Debug|ARM64.Build.0 = Debug|ARM64
		{F01A01A9-F928-42C8-92CE-C41DB413AAD7}.Debug|ARM64.Deploy.0 = Debug|ARM64
		{F01A01A9-F928-42C8-92CE-C41DB413AAD7}.Debug|x64.ActiveCfg = Debug|x64
		{F01A01A9-F928-42C8-92CE-C41DB413AAD7}.Debug|x64.Build.0 = Debug|x64
		{F01A01A9-F928-42C8-92CE-C41DB413AAD7}.Debug|x64.Deploy.0 = Debug|x64
		{F01A01A9-F928-42C8-92CE-C41DB413AAD7}.Debug|x86.ActiveCfg = Debug|x86
		{F01A01A9-F928-42C8-92CE-C41DB413AAD7}.Debug|x86.Build.0 = Debug|x86
		{F01A01A9-F928-42C8-92CE-C41DB413AAD7}.Debug|x86.Deploy.0 = Debug|x86
		{F01A01A9-F928-42C8-92CE-C41DB413AAD7}.Release|Any CPU.ActiveCfg = Release|x86
		{F01A01A9-F928-42C8-92CE-C41DB413AAD7}.Release|ARM.ActiveCfg = Release|ARM
		{F01A01A9-F928-42C8-92CE-C41DB413AAD7}.Release|ARM.Build.0 = Release|ARM
		{F01A01A9-F928-42C8-92CE-C41DB413AAD7}.Release|ARM.Deploy.0 = Release|ARM
		{F01A01A9-F928-42C8-92CE-C41DB413AAD7}.Release|ARM64.ActiveCfg = Release|ARM64
		{F01A01A9-F928-42C8-92CE-C41DB413AAD7}.Release|ARM64.Build.0 = Release|ARM64
		{F01A01A9-F928-42C8-92CE-C41DB413AAD7}.Release|ARM64.Deploy.0 = Release|ARM64
		{F01A01A9-F928-42C8-92CE-C41DB413AAD7}.Release|x64.ActiveCfg = Release|x64
		{F01A01A9-F928-42C8-92CE-C41DB413AAD7}.Release|x64.Build.0 = Release|x64
		{F01A01A9-F928-42C8-92CE-C41DB413AAD7}.Release|x64.Deploy.0 = Release|x64
		{F01A01A9-F928-42C8-92CE-C41DB413AAD7}.Release|x86.ActiveCfg = Release|x86
		{F01A01A9-F928-42C8-92CE-C41DB413AAD7}.Release|x86.Build.0 = Release|x86
		{F01A01A9-F928-42C8-92CE-C41DB413AAD7}.Release|x86.Deploy.0 = Release|x86
		{AD344BED-4E7D-4787-A33C-888C6BB7EE26}.Debug|Any CPU.ActiveCfg = Debug|Any CPU
		{AD344BED-4E7D-4787-A33C-888C6BB7EE26}.Debug|Any CPU.Build.0 = Debug|Any CPU
		{AD344BED-4E7D-4787-A33C-888C6BB7EE26}.Debug|ARM.ActiveCfg = Debug|Any CPU
		{AD344BED-4E7D-4787-A33C-888C6BB7EE26}.Debug|ARM.Build.0 = Debug|Any CPU
		{AD344BED-4E7D-4787-A33C-888C6BB7EE26}.Debug|ARM64.ActiveCfg = Debug|Any CPU
		{AD344BED-4E7D-4787-A33C-888C6BB7EE26}.Debug|ARM64.Build.0 = Debug|Any CPU
		{AD344BED-4E7D-4787-A33C-888C6BB7EE26}.Debug|x64.ActiveCfg = Debug|Any CPU
		{AD344BED-4E7D-4787-A33C-888C6BB7EE26}.Debug|x64.Build.0 = Debug|Any CPU
		{AD344BED-4E7D-4787-A33C-888C6BB7EE26}.Debug|x86.ActiveCfg = Debug|Any CPU
		{AD344BED-4E7D-4787-A33C-888C6BB7EE26}.Debug|x86.Build.0 = Debug|Any CPU
		{AD344BED-4E7D-4787-A33C-888C6BB7EE26}.Release|Any CPU.ActiveCfg = Release|Any CPU
		{AD344BED-4E7D-4787-A33C-888C6BB7EE26}.Release|Any CPU.Build.0 = Release|Any CPU
		{AD344BED-4E7D-4787-A33C-888C6BB7EE26}.Release|ARM.ActiveCfg = Release|Any CPU
		{AD344BED-4E7D-4787-A33C-888C6BB7EE26}.Release|ARM.Build.0 = Release|Any CPU
		{AD344BED-4E7D-4787-A33C-888C6BB7EE26}.Release|ARM64.ActiveCfg = Release|Any CPU
		{AD344BED-4E7D-4787-A33C-888C6BB7EE26}.Release|ARM64.Build.0 = Release|Any CPU
		{AD344BED-4E7D-4787-A33C-888C6BB7EE26}.Release|x64.ActiveCfg = Release|Any CPU
		{AD344BED-4E7D-4787-A33C-888C6BB7EE26}.Release|x64.Build.0 = Release|Any CPU
		{AD344BED-4E7D-4787-A33C-888C6BB7EE26}.Release|x86.ActiveCfg = Release|Any CPU
		{AD344BED-4E7D-4787-A33C-888C6BB7EE26}.Release|x86.Build.0 = Release|Any CPU
		{CC7BCB50-0DD4-4717-8D36-C3EDC381DE57}.Debug|Any CPU.ActiveCfg = Debug|Any CPU
		{CC7BCB50-0DD4-4717-8D36-C3EDC381DE57}.Debug|Any CPU.Build.0 = Debug|Any CPU
		{CC7BCB50-0DD4-4717-8D36-C3EDC381DE57}.Debug|ARM.ActiveCfg = Debug|Any CPU
		{CC7BCB50-0DD4-4717-8D36-C3EDC381DE57}.Debug|ARM.Build.0 = Debug|Any CPU
		{CC7BCB50-0DD4-4717-8D36-C3EDC381DE57}.Debug|ARM64.ActiveCfg = Debug|Any CPU
		{CC7BCB50-0DD4-4717-8D36-C3EDC381DE57}.Debug|ARM64.Build.0 = Debug|Any CPU
		{CC7BCB50-0DD4-4717-8D36-C3EDC381DE57}.Debug|x64.ActiveCfg = Debug|Any CPU
		{CC7BCB50-0DD4-4717-8D36-C3EDC381DE57}.Debug|x64.Build.0 = Debug|Any CPU
		{CC7BCB50-0DD4-4717-8D36-C3EDC381DE57}.Debug|x86.ActiveCfg = Debug|Any CPU
		{CC7BCB50-0DD4-4717-8D36-C3EDC381DE57}.Debug|x86.Build.0 = Debug|Any CPU
		{CC7BCB50-0DD4-4717-8D36-C3EDC381DE57}.Release|Any CPU.ActiveCfg = Release|Any CPU
		{CC7BCB50-0DD4-4717-8D36-C3EDC381DE57}.Release|Any CPU.Build.0 = Release|Any CPU
		{CC7BCB50-0DD4-4717-8D36-C3EDC381DE57}.Release|ARM.ActiveCfg = Release|Any CPU
		{CC7BCB50-0DD4-4717-8D36-C3EDC381DE57}.Release|ARM.Build.0 = Release|Any CPU
		{CC7BCB50-0DD4-4717-8D36-C3EDC381DE57}.Release|ARM64.ActiveCfg = Release|Any CPU
		{CC7BCB50-0DD4-4717-8D36-C3EDC381DE57}.Release|ARM64.Build.0 = Release|Any CPU
		{CC7BCB50-0DD4-4717-8D36-C3EDC381DE57}.Release|x64.ActiveCfg = Release|Any CPU
		{CC7BCB50-0DD4-4717-8D36-C3EDC381DE57}.Release|x64.Build.0 = Release|Any CPU
		{CC7BCB50-0DD4-4717-8D36-C3EDC381DE57}.Release|x86.ActiveCfg = Release|Any CPU
		{CC7BCB50-0DD4-4717-8D36-C3EDC381DE57}.Release|x86.Build.0 = Release|Any CPU
	EndGlobalSection
	GlobalSection(SolutionProperties) = preSolution
		HideSolutionNode = FALSE
	EndGlobalSection
	GlobalSection(ExtensibilityGlobals) = postSolution
		SolutionGuid = {E390B7FF-06AD-4799-A119-3175A9149744}
	EndGlobalSection
EndGlobal
